{
  "name": "new-npm",
  "lockfileVersion": 3,
  "requires": true,
  "packages": {
    "": {
      "dependencies": {
        "lodash": "^4.17.21",
        "react": "^19.1.0-canary-9ff42a87-20250130"
      },
      "version": "3.2.2-beta.6"
    },
    "node_modules/lodash": {
      "version": "4.17.21",
      "resolved": "https://npm.cloudsmith.io/jha-cloudsmith/repo-test/lodash/-/lodash-4.17.21.tgz",
      "integrity": "sha512-v2kDEe57lecTulaDIuNTPy3Ry4gLGJ6Z1O3vE1krgXZNrsQ+LFTGHVxVjcXPs17LhbZVGedAJv8XZ1tvj5FvSg==",
      "license": "MIT"
    },
    "node_modules/react": {
      "version": "19.1.0-canary-9ff42a87-20250130",
      "resolved": "https://npm.cloudsmith.io/jha-cloudsmith/repo-test/react/-/19.1.0-canary-9ff42a87-20250130/react-19.1.0-canary-9ff42a87-20250130.tgz",
      "integrity": "sha512-fbXINn6mPPRtFx8Z+SKHI/9TohJPwz179O14j0C125ssm81C1wpPYMoYK6WjMpgtMFC2sw519BOl98obgAHfQw==",
      "license": "MIT",
      "engines": {
        "node": ">=0.10.0"
      }
    }
  },
  "version": "3.2.2-beta.6"
}
